
Microsoft Visual Studio Solution File, Format Version 12.00
# Visual Studio Version 16
VisualStudioVersion = 16.0.31424.327
MinimumVisualStudioVersion = 10.0.40219.1
Project("{FAE04EC0-301F-11D3-BF4B-00C04F79EFBC}") = "ÄtOchSovKlocka", "ÄtOchSovKlocka\ÄtOchSovKlocka.csproj", "{0DD6F6D9-9F3A-4408-B829-3DC47A6C099B}"
EndProject
Global
	GlobalSection(SolutionConfigurationPlatforms) = preSolution
		Debug|Any CPU = Debug|Any CPU
		Release|Any CPU = Release|Any CPU
	EndGlobalSection
	GlobalSection(ProjectConfigurationPlatforms) = postSolution
		{0DD6F6D9-9F3A-4408-B829-3DC47A6C099B}.Debug|Any CPU.ActiveCfg = Debug|Any CPU
		{0DD6F6D9-9F3A-4408-B829-3DC47A6C099B}.Debug|Any CPU.Build.0 = Debug|Any CPU
		{0DD6F6D9-9F3A-4408-B829-3DC47A6C099B}.Release|Any CPU.ActiveCfg = Release|Any CPU
		{0DD6F6D9-9F3A-4408-B829-3DC47A6C099B}.Release|Any CPU.Build.0 = Release|Any CPU
	EndGlobalSection
	GlobalSection(SolutionProperties) = preSolution
		HideSolutionNode = FALSE
	EndGlobalSection
	GlobalSection(ExtensibilityGlobals) = postSolution
		SolutionGuid = {5393F492-078E-4367-805B-B3B1051D291C}
	EndGlobalSection
EndGlobal
